
Microsoft Visual Studio Solution File, Format Version 12.00
# Visual Studio Version 16
VisualStudioVersion = 16.0.30413.136
MinimumVisualStudioVersion = 10.0.40219.1
Project("{888888A0-9F3D-457C-B088-3A5042F75D52}") = "Code2", "Code2.pyproj", "{C8A71245-3F89-4D9F-BFE8-F2AC5826A7BC}"
EndProject
Global
	GlobalSection(SolutionConfigurationPlatforms) = preSolution
		Debug|Any CPU = Debug|Any CPU
		Release|Any CPU = Release|Any CPU
	EndGlobalSection
	GlobalSection(ProjectConfigurationPlatforms) = postSolution
		{C8A71245-3F89-4D9F-BFE8-F2AC5826A7BC}.Debug|Any CPU.ActiveCfg = Debug|Any CPU
		{C8A71245-3F89-4D9F-BFE8-F2AC5826A7BC}.Release|Any CPU.ActiveCfg = Release|Any CPU
	EndGlobalSection
	GlobalSection(SolutionProperties) = preSolution
		HideSolutionNode = FALSE
	EndGlobalSection
	GlobalSection(ExtensibilityGlobals) = postSolution
		SolutionGuid = {FABCF171-7438-4E91-9F47-DE093F46DD73}
	EndGlobalSection
EndGlobal
